// !$*UTF8*$!
{
	archiveVersion = 1;
	classes = {
	};
	objectVersion = 56;
	objects = {

/* Begin PBXBuildFile section */
		72940C692C8DC26500311CE8 /* CoinProjectApp.swift in Sources */ = {isa = PBXBuildFile; fileRef = 72940C682C8DC26500311CE8 /* CoinProjectApp.swift */; };
		72940C6B2C8DC26500311CE8 /* ContentView.swift in Sources */ = {isa = PBXBuildFile; fileRef = 72940C6A2C8DC26500311CE8 /* ContentView.swift */; };
		72940C6D2C8DC26700311CE8 /* Assets.xcassets in Resources */ = {isa = PBXBuildFile; fileRef = 72940C6C2C8DC26700311CE8 /* Assets.xcassets */; };
		72940C702C8DC26700311CE8 /* Preview Assets.xcassets in Resources */ = {isa = PBXBuildFile; fileRef = 72940C6F2C8DC26700311CE8 /* Preview Assets.xcassets */; };
		72940C782C8DD7FD00311CE8 /* HorizonTalSectionView.swift in Sources */ = {isa = PBXBuildFile; fileRef = 72940C772C8DD7FD00311CE8 /* HorizonTalSectionView.swift */; };
		72940C7A2C8DD83100311CE8 /* SectionDetailView.swift in Sources */ = {isa = PBXBuildFile; fileRef = 72940C792C8DD83100311CE8 /* SectionDetailView.swift */; };
		72940C7C2C8DE00B00311CE8 /* CoinSearchView.swift in Sources */ = {isa = PBXBuildFile; fileRef = 72940C7B2C8DE00B00311CE8 /* CoinSearchView.swift */; };
		72940C7E2C8DE40600311CE8 /* TabView.swift in Sources */ = {isa = PBXBuildFile; fileRef = 72940C7D2C8DE40600311CE8 /* TabView.swift */; };
		72940C802C8DE44C00311CE8 /* FavoriteCoinView.swift in Sources */ = {isa = PBXBuildFile; fileRef = 72940C7F2C8DE44C00311CE8 /* FavoriteCoinView.swift */; };
		72940C8A2C8F53A000311CE8 /* CoinDetailView.swift in Sources */ = {isa = PBXBuildFile; fileRef = 72940C892C8F53A000311CE8 /* CoinDetailView.swift */; };
/* End PBXBuildFile section */

/* Begin PBXFileReference section */
		72940C652C8DC26500311CE8 /* CoinProject.app */ = {isa = PBXFileReference; explicitFileType = wrapper.application; includeInIndex = 0; path = CoinProject.app; sourceTree = BUILT_PRODUCTS_DIR; };
		72940C682C8DC26500311CE8 /* CoinProjectApp.swift */ = {isa = PBXFileReference; lastKnownFileType = sourcecode.swift; path = CoinProjectApp.swift; sourceTree = "<group>"; };
		72940C6A2C8DC26500311CE8 /* ContentView.swift */ = {isa = PBXFileReference; lastKnownFileType = sourcecode.swift; path = ContentView.swift; sourceTree = "<group>"; };
		72940C6C2C8DC26700311CE8 /* Assets.xcassets */ = {isa = PBXFileReference; lastKnownFileType = folder.assetcatalog; path = Assets.xcassets; sourceTree = "<group>"; };
		72940C6F2C8DC26700311CE8 /* Preview Assets.xcassets */ = {isa = PBXFileReference; lastKnownFileType = folder.assetcatalog; path = "Preview Assets.xcassets"; sourceTree = "<group>"; };
		72940C772C8DD7FD00311CE8 /* HorizonTalSectionView.swift */ = {isa = PBXFileReference; lastKnownFileType = sourcecode.swift; path = HorizonTalSectionView.swift; sourceTree = "<group>"; };
		72940C792C8DD83100311CE8 /* SectionDetailView.swift */ = {isa = PBXFileReference; lastKnownFileType = sourcecode.swift; path = SectionDetailView.swift; sourceTree = "<group>"; };
		72940C7B2C8DE00B00311CE8 /* CoinSearchView.swift */ = {isa = PBXFileReference; lastKnownFileType = sourcecode.swift; path = CoinSearchView.swift; sourceTree = "<group>"; };
		72940C7D2C8DE40600311CE8 /* TabView.swift */ = {isa = PBXFileReference; lastKnownFileType = sourcecode.swift; path = TabView.swift; sourceTree = "<group>"; };
		72940C7F2C8DE44C00311CE8 /* FavoriteCoinView.swift */ = {isa = PBXFileReference; lastKnownFileType = sourcecode.swift; path = FavoriteCoinView.swift; sourceTree = "<group>"; };
		72940C892C8F53A000311CE8 /* CoinDetailView.swift */ = {isa = PBXFileReference; lastKnownFileType = sourcecode.swift; path = CoinDetailView.swift; sourceTree = "<group>"; };
/* End PBXFileReference section */

/* Begin PBXFrameworksBuildPhase section */
		72940C622C8DC26500311CE8 /* Frameworks */ = {
			isa = PBXFrameworksBuildPhase;
			buildActionMask = 2147483647;
			files = (
			);
			runOnlyForDeploymentPostprocessing = 0;
		};
/* End PBXFrameworksBuildPhase section */

/* Begin PBXGroup section */
		72940C5C2C8DC26500311CE8 = {
			isa = PBXGroup;
			children = (
				72940C672C8DC26500311CE8 /* CoinProject */,
				72940C662C8DC26500311CE8 /* Products */,
			);
			sourceTree = "<group>";
		};
		72940C662C8DC26500311CE8 /* Products */ = {
			isa = PBXGroup;
			children = (
				72940C652C8DC26500311CE8 /* CoinProject.app */,
			);
			name = Products;
			sourceTree = "<group>";
		};
		72940C672C8DC26500311CE8 /* CoinProject */ = {
			isa = PBXGroup;
			children = (
				72940C762C8DD7DB00311CE8 /* View */,
				72940C682C8DC26500311CE8 /* CoinProjectApp.swift */,
				72940C6C2C8DC26700311CE8 /* Assets.xcassets */,
				72940C6E2C8DC26700311CE8 /* Preview Content */,
			);
			path = CoinProject;
			sourceTree = "<group>";
		};
		72940C6E2C8DC26700311CE8 /* Preview Content */ = {
			isa = PBXGroup;
			children = (
				72940C6F2C8DC26700311CE8 /* Preview Assets.xcassets */,
			);
			path = "Preview Content";
			sourceTree = "<group>";
		};
		72940C762C8DD7DB00311CE8 /* View */ = {
			isa = PBXGroup;
			children = (
				72940C6A2C8DC26500311CE8 /* ContentView.swift */,
				72940C772C8DD7FD00311CE8 /* HorizonTalSectionView.swift */,
				72940C792C8DD83100311CE8 /* SectionDetailView.swift */,
				72940C7B2C8DE00B00311CE8 /* CoinSearchView.swift */,
				72940C7F2C8DE44C00311CE8 /* FavoriteCoinView.swift */,
				72940C7D2C8DE40600311CE8 /* TabView.swift */,
				72940C892C8F53A000311CE8 /* CoinDetailView.swift */,
			);
			path = View;
			sourceTree = "<group>";
		};
/* End PBXGroup section */

/* Begin PBXNativeTarget section */
		72940C642C8DC26500311CE8 /* CoinProject */ = {
			isa = PBXNativeTarget;
			buildConfigurationList = 72940C732C8DC26700311CE8 /* Build configuration list for PBXNativeTarget "CoinProject" */;
			buildPhases = (
				72940C612C8DC26500311CE8 /* Sources */,
				72940C622C8DC26500311CE8 /* Frameworks */,
				72940C632C8DC26500311CE8 /* Resources */,
			);
			buildRules = (
			);
			dependencies = (
			);
			name = CoinProject;
			productName = CoinProject;
			productReference = 72940C652C8DC26500311CE8 /* CoinProject.app */;
			productType = "com.apple.product-type.application";
		};
/* End PBXNativeTarget section */

/* Begin PBXProject section */
		72940C5D2C8DC26500311CE8 /* Project object */ = {
			isa = PBXProject;
			attributes = {
				BuildIndependentTargetsInParallel = 1;
				LastSwiftUpdateCheck = 1530;
				LastUpgradeCheck = 1530;
				TargetAttributes = {
					72940C642C8DC26500311CE8 = {
						CreatedOnToolsVersion = 15.3;
					};
				};
			};
			buildConfigurationList = 72940C602C8DC26500311CE8 /* Build configuration list for PBXProject "CoinProject" */;
			compatibilityVersion = "Xcode 14.0";
			developmentRegion = en;
			hasScannedForEncodings = 0;
			knownRegions = (
				en,
				Base,
			);
			mainGroup = 72940C5C2C8DC26500311CE8;
			productRefGroup = 72940C662C8DC26500311CE8 /* Products */;
			projectDirPath = "";
			projectRoot = "";
			targets = (
				72940C642C8DC26500311CE8 /* CoinProject */,
			);
		};
/* End PBXProject section */

/* Begin PBXResourcesBuildPhase section */
		72940C632C8DC26500311CE8 /* Resources */ = {
			isa = PBXResourcesBuildPhase;
			buildActionMask = 2147483647;
			files = (
				72940C702C8DC26700311CE8 /* Preview Assets.xcassets in Resources */,
				72940C6D2C8DC26700311CE8 /* Assets.xcassets in Resources */,
			);
			runOnlyForDeploymentPostprocessing = 0;
		};
/* End PBXResourcesBuildPhase section */

/* Begin PBXSourcesBuildPhase section */
		72940C612C8DC26500311CE8 /* Sources */ = {
			isa = PBXSourcesBuildPhase;
			buildActionMask = 2147483647;
			files = (
				72940C782C8DD7FD00311CE8 /* HorizonTalSectionView.swift in Sources */,
				72940C7A2C8DD83100311CE8 /* SectionDetailView.swift in Sources */,
				72940C7C2C8DE00B00311CE8 /* CoinSearchView.swift in Sources */,
				72940C6B2C8DC26500311CE8 /* ContentView.swift in Sources */,
				72940C7E2C8DE40600311CE8 /* TabView.swift in Sources */,
				72940C802C8DE44C00311CE8 /* FavoriteCoinView.swift in Sources */,
				72940C8A2C8F53A000311CE8 /* CoinDetailView.swift in Sources */,
				72940C692C8DC26500311CE8 /* CoinProjectApp.swift in Sources */,
			);
			runOnlyForDeploymentPostprocessing = 0;
		};
/* End PBXSourcesBuildPhase section */

/* Begin XCBuildConfiguration section */
		72940C712C8DC26700311CE8 /* Debug */ = {
			isa = XCBuildConfiguration;
			buildSettings = {
				ALWAYS_SEARCH_USER_PATHS = NO;
				ASSETCATALOG_COMPILER_GENERATE_SWIFT_ASSET_SYMBOL_EXTENSIONS = YES;
				CLANG_ANALYZER_NONNULL = YES;
				CLANG_ANALYZER_NUMBER_OBJECT_CONVERSION = YES_AGGRESSIVE;
				CLANG_CXX_LANGUAGE_STANDARD = "gnu++20";
				CLANG_ENABLE_MODULES = YES;
				CLANG_ENABLE_OBJC_ARC = YES;
				CLANG_ENABLE_OBJC_WEAK = YES;
				CLANG_WARN_BLOCK_CAPTURE_AUTORELEASING = YES;
				CLANG_WARN_BOOL_CONVERSION = YES;
				CLANG_WARN_COMMA = YES;
				CLANG_WARN_CONSTANT_CONVERSION = YES;
				CLANG_WARN_DEPRECATED_OBJC_IMPLEMENTATIONS = YES;
				CLANG_WARN_DIRECT_OBJC_ISA_USAGE = YES_ERROR;
				CLANG_WARN_DOCUMENTATION_COMMENTS = YES;
				CLANG_WARN_EMPTY_BODY = YES;
				CLANG_WARN_ENUM_CONVERSION = YES;
				CLANG_WARN_INFINITE_RECURSION = YES;
				CLANG_WARN_INT_CONVERSION = YES;
				CLANG_WARN_NON_LITERAL_NULL_CONVERSION = YES;
				CLANG_WARN_OBJC_IMPLICIT_RETAIN_SELF = YES;
				CLANG_WARN_OBJC_LITERAL_CONVERSION = YES;
				CLANG_WARN_OBJC_ROOT_CLASS = YES_ERROR;
				CLANG_WARN_QUOTED_INCLUDE_IN_FRAMEWORK_HEADER = YES;
				CLANG_WARN_RANGE_LOOP_ANALYSIS = YES;
				CLANG_WARN_STRICT_PROTOTYPES = YES;
				CLANG_WARN_SUSPICIOUS_MOVE = YES;
				CLANG_WARN_UNGUARDED_AVAILABILITY = YES_AGGRESSIVE;
				CLANG_WARN_UNREACHABLE_CODE = YES;
				CLANG_WARN__DUPLICATE_METHOD_MATCH = YES;
				COPY_PHASE_STRIP = NO;
				DEBUG_INFORMATION_FORMAT = dwarf;
				ENABLE_STRICT_OBJC_MSGSEND = YES;
				ENABLE_TESTABILITY = YES;
				ENABLE_USER_SCRIPT_SANDBOXING = YES;
				GCC_C_LANGUAGE_STANDARD = gnu17;
				GCC_DYNAMIC_NO_PIC = NO;
				GCC_NO_COMMON_BLOCKS = YES;
				GCC_OPTIMIZATION_LEVEL = 0;
				GCC_PREPROCESSOR_DEFINITIONS = (
					"DEBUG=1",
					"$(inherited)",
				);
				GCC_WARN_64_TO_32_BIT_CONVERSION = YES;
				GCC_WARN_ABOUT_RETURN_TYPE = YES_ERROR;
				GCC_WARN_UNDECLARED_SELECTOR = YES;
				GCC_WARN_UNINITIALIZED_AUTOS = YES_AGGRESSIVE;
				GCC_WARN_UNUSED_FUNCTION = YES;
				GCC_WARN_UNUSED_VARIABLE = YES;
				IPHONEOS_DEPLOYMENT_TARGET = 17.4;
				LOCALIZATION_PREFERS_STRING_CATALOGS = YES;
				MTL_ENABLE_DEBUG_INFO = INCLUDE_SOURCE;
				MTL_FAST_MATH = YES;
				ONLY_ACTIVE_ARCH = YES;
				SDKROOT = iphoneos;
				SWIFT_ACTIVE_COMPILATION_CONDITIONS = "DEBUG $(inherited)";
				SWIFT_OPTIMIZATION_LEVEL = "-Onone";
			};
			name = Debug;
		};
		72940C722C8DC26700311CE8 /* Release */ = {
			isa = XCBuildConfiguration;
			buildSettings = {
				ALWAYS_SEARCH_USER_PATHS = NO;
				ASSETCATALOG_COMPILER_GENERATE_SWIFT_ASSET_SYMBOL_EXTENSIONS = YES;
				CLANG_ANALYZER_NONNULL = YES;
				CLANG_ANALYZER_NUMBER_OBJECT_CONVERSION = YES_AGGRESSIVE;
				CLANG_CXX_LANGUAGE_STANDARD = "gnu++20";
				CLANG_ENABLE_MODULES = YES;
				CLANG_ENABLE_OBJC_ARC = YES;
				CLANG_ENABLE_OBJC_WEAK = YES;
				CLANG_WARN_BLOCK_CAPTURE_AUTORELEASING = YES;
				CLANG_WARN_BOOL_CONVERSION = YES;
				CLANG_WARN_COMMA = YES;
				CLANG_WARN_CONSTANT_CONVERSION = YES;
				CLANG_WARN_DEPRECATED_OBJC_IMPLEMENTATIONS = YES;
				CLANG_WARN_DIRECT_OBJC_ISA_USAGE = YES_ERROR;
				CLANG_WARN_DOCUMENTATION_COMMENTS = YES;
				CLANG_WARN_EMPTY_BODY = YES;
				CLANG_WARN_ENUM_CONVERSION = YES;
				CLANG_WARN_INFINITE_RECURSION = YES;
				CLANG_WARN_INT_CONVERSION = YES;
				CLANG_WARN_NON_LITERAL_NULL_CONVERSION = YES;
				CLANG_WARN_OBJC_IMPLICIT_RETAIN_SELF = YES;
				CLANG_WARN_OBJC_LITERAL_CONVERSION = YES;
				CLANG_WARN_OBJC_ROOT_CLASS = YES_ERROR;
				CLANG_WARN_QUOTED_INCLUDE_IN_FRAMEWORK_HEADER = YES;
				CLANG_WARN_RANGE_LOOP_ANALYSIS = YES;
				CLANG_WARN_STRICT_PROTOTYPES = YES;
				CLANG_WARN_SUSPICIOUS_MOVE = YES;
				CLANG_WARN_UNGUARDED_AVAILABILITY = YES_AGGRESSIVE;
				CLANG_WARN_UNREACHABLE_CODE = YES;
				CLANG_WARN__DUPLICATE_METHOD_MATCH = YES;
				COPY_PHASE_STRIP = NO;
				DEBUG_INFORMATION_FORMAT = "dwarf-with-dsym";
				ENABLE_NS_ASSERTIONS = NO;
				ENABLE_STRICT_OBJC_MSGSEND = YES;
				ENABLE_USER_SCRIPT_SANDBOXING = YES;
				GCC_C_LANGUAGE_STANDARD = gnu17;
				GCC_NO_COMMON_BLOCKS = YES;
				GCC_WARN_64_TO_32_BIT_CONVERSION = YES;
				GCC_WARN_ABOUT_RETURN_TYPE = YES_ERROR;
				GCC_WARN_UNDECLARED_SELECTOR = YES;
				GCC_WARN_UNINITIALIZED_AUTOS = YES_AGGRESSIVE;
				GCC_WARN_UNUSED_FUNCTION = YES;
				GCC_WARN_UNUSED_VARIABLE = YES;
				IPHONEOS_DEPLOYMENT_TARGET = 17.4;
				LOCALIZATION_PREFERS_STRING_CATALOGS = YES;
				MTL_ENABLE_DEBUG_INFO = NO;
				MTL_FAST_MATH = YES;
				SDKROOT = iphoneos;
				SWIFT_COMPILATION_MODE = wholemodule;
				VALIDATE_PRODUCT = YES;
			};
			name = Release;
		};
		72940C742C8DC26700311CE8 /* Debug */ = {
			isa = XCBuildConfiguration;
			buildSettings = {
				ASSETCATALOG_COMPILER_APPICON_NAME = AppIcon;
				ASSETCATALOG_COMPILER_GLOBAL_ACCENT_COLOR_NAME = AccentColor;
				CODE_SIGN_STYLE = Automatic;
				CURRENT_PROJECT_VERSION = 1;
				DEVELOPMENT_ASSET_PATHS = "\"CoinProject/Preview Content\"";
				DEVELOPMENT_TEAM = QQN262X7KM;
				ENABLE_PREVIEWS = YES;
				GENERATE_INFOPLIST_FILE = YES;
				INFOPLIST_KEY_UIApplicationSceneManifest_Generation = YES;
				INFOPLIST_KEY_UIApplicationSupportsIndirectInputEvents = YES;
				INFOPLIST_KEY_UILaunchScreen_Generation = YES;
				INFOPLIST_KEY_UISupportedInterfaceOrientations_iPad = "UIInterfaceOrientationPortrait UIInterfaceOrientationPortraitUpsideDown UIInterfaceOrientationLandscapeLeft UIInterfaceOrientationLandscapeRight";
				INFOPLIST_KEY_UISupportedInterfaceOrientations_iPhone = "UIInterfaceOrientationPortrait UIInterfaceOrientationLandscapeLeft UIInterfaceOrientationLandscapeRight";
				IPHONEOS_DEPLOYMENT_TARGET = 16.0;
				LD_RUNPATH_SEARCH_PATHS = (
					"$(inherited)",
					"@executable_path/Frameworks",
				);
				MARKETING_VERSION = 1.0;
				PRODUCT_BUNDLE_IDENTIFIER = com.Jun.CoinProject;
				PRODUCT_NAME = "$(TARGET_NAME)";
				SWIFT_EMIT_LOC_STRINGS = YES;
				SWIFT_VERSION = 5.0;
				TARGETED_DEVICE_FAMILY = "1,2";
			};
			name = Debug;
		};
		72940C752C8DC26700311CE8 /* Release */ = {
			isa = XCBuildConfiguration;
			buildSettings = {
				ASSETCATALOG_COMPILER_APPICON_NAME = AppIcon;
				ASSETCATALOG_COMPILER_GLOBAL_ACCENT_COLOR_NAME = AccentColor;
				CODE_SIGN_STYLE = Automatic;
				CURRENT_PROJECT_VERSION = 1;
				DEVELOPMENT_ASSET_PATHS = "\"CoinProject/Preview Content\"";
				DEVELOPMENT_TEAM = QQN262X7KM;
				ENABLE_PREVIEWS = YES;
				GENERATE_INFOPLIST_FILE = YES;
				INFOPLIST_KEY_UIApplicationSceneManifest_Generation = YES;
				INFOPLIST_KEY_UIApplicationSupportsIndirectInputEvents = YES;
				INFOPLIST_KEY_UILaunchScreen_Generation = YES;
				INFOPLIST_KEY_UISupportedInterfaceOrientations_iPad = "UIInterfaceOrientationPortrait UIInterfaceOrientationPortraitUpsideDown UIInterfaceOrientationLandscapeLeft UIInterfaceOrientationLandscapeRight";
				INFOPLIST_KEY_UISupportedInterfaceOrientations_iPhone = "UIInterfaceOrientationPortrait UIInterfaceOrientationLandscapeLeft UIInterfaceOrientationLandscapeRight";
				IPHONEOS_DEPLOYMENT_TARGET = 16.0;
				LD_RUNPATH_SEARCH_PATHS = (
					"$(inherited)",
					"@executable_path/Frameworks",
				);
				MARKETING_VERSION = 1.0;
				PRODUCT_BUNDLE_IDENTIFIER = com.Jun.CoinProject;
				PRODUCT_NAME = "$(TARGET_NAME)";
				SWIFT_EMIT_LOC_STRINGS = YES;
				SWIFT_VERSION = 5.0;
				TARGETED_DEVICE_FAMILY = "1,2";
			};
			name = Release;
		};
/* End XCBuildConfiguration section */

/* Begin XCConfigurationList section */
		72940C602C8DC26500311CE8 /* Build configuration list for PBXProject "CoinProject" */ = {
			isa = XCConfigurationList;
			buildConfigurations = (
				72940C712C8DC26700311CE8 /* Debug */,
				72940C722C8DC26700311CE8 /* Release */,
			);
			defaultConfigurationIsVisible = 0;
			defaultConfigurationName = Release;
		};
		72940C732C8DC26700311CE8 /* Build configuration list for PBXNativeTarget "CoinProject" */ = {
			isa = XCConfigurationList;
			buildConfigurations = (
				72940C742C8DC26700311CE8 /* Debug */,
				72940C752C8DC26700311CE8 /* Release */,
			);
			defaultConfigurationIsVisible = 0;
			defaultConfigurationName = Release;
		};
/* End XCConfigurationList section */
	};
	rootObject = 72940C5D2C8DC26500311CE8 /* Project object */;
}
